// !$*UTF8*$!
{
	archiveVersion = 1;
	classes = {
	};
	objectVersion = 46;
	objects = {

/* Begin PBXBuildFile section */
		377639AD1EA1210B00BCFE5A /* AppDelegate.swift in Sources */ = {isa = PBXBuildFile; fileRef = 377639AC1EA1210B00BCFE5A /* AppDelegate.swift */; };
		377639AF1EA1210B00BCFE5A /* ViewController.swift in Sources */ = {isa = PBXBuildFile; fileRef = 377639AE1EA1210B00BCFE5A /* ViewController.swift */; };
		377639B21EA1210B00BCFE5A /* Main.storyboard in Resources */ = {isa = PBXBuildFile; fileRef = 377639B01EA1210B00BCFE5A /* Main.storyboard */; };
		377639B41EA1210B00BCFE5A /* Assets.xcassets in Resources */ = {isa = PBXBuildFile; fileRef = 377639B31EA1210B00BCFE5A /* Assets.xcassets */; };
		377639B71EA1210B00BCFE5A /* LaunchScreen.storyboard in Resources */ = {isa = PBXBuildFile; fileRef = 377639B51EA1210B00BCFE5A /* LaunchScreen.storyboard */; };
/* End PBXBuildFile section */

/* Begin PBXFileReference section */
		377639A91EA1210B00BCFE5A /* Radar4Apr2017.app */ = {isa = PBXFileReference; explicitFileType = wrapper.application; includeInIndex = 0; path = Radar4Apr2017.app; sourceTree = BUILT_PRODUCTS_DIR; };
		377639AC1EA1210B00BCFE5A /* AppDelegate.swift */ = {isa = PBXFileReference; lastKnownFileType = sourcecode.swift; path = AppDelegate.swift; sourceTree = "<group>"; };
		377639AE1EA1210B00BCFE5A /* ViewController.swift */ = {isa = PBXFileReference; lastKnownFileType = sourcecode.swift; path = ViewController.swift; sourceTree = "<group>"; };
		377639B11EA1210B00BCFE5A /* Base */ = {isa = PBXFileReference; lastKnownFileType = file.storyboard; name = Base; path = Base.lproj/Main.storyboard; sourceTree = "<group>"; };
		377639B31EA1210B00BCFE5A /* Assets.xcassets */ = {isa = PBXFileReference; lastKnownFileType = folder.assetcatalog; path = Assets.xcassets; sourceTree = "<group>"; };
		377639B61EA1210B00BCFE5A /* Base */ = {isa = PBXFileReference; lastKnownFileType = file.storyboard; name = Base; path = Base.lproj/LaunchScreen.storyboard; sourceTree = "<group>"; };
		377639B81EA1210B00BCFE5A /* Info.plist */ = {isa = PBXFileReference; lastKnownFileType = text.plist.xml; path = Info.plist; sourceTree = "<group>"; };
/* End PBXFileReference section */

/* Begin PBXFrameworksBuildPhase section */
		377639A61EA1210B00BCFE5A /* Frameworks */ = {
			isa = PBXFrameworksBuildPhase;
			buildActionMask = 2147483647;
			files = (
			);
			runOnlyForDeploymentPostprocessing = 0;
		};
/* End PBXFrameworksBuildPhase section */

/* Begin PBXGroup section */
		377639A01EA1210B00BCFE5A = {
			isa = PBXGroup;
			children = (
				377639AB1EA1210B00BCFE5A /* Radar4Apr2017 */,
				377639AA1EA1210B00BCFE5A /* Products */,
			);
			sourceTree = "<group>";
		};
		377639AA1EA1210B00BCFE5A /* Products */ = {
			isa = PBXGroup;
			children = (
				377639A91EA1210B00BCFE5A /* Radar4Apr2017.app */,
			);
			name = Products;
			sourceTree = "<group>";
		};
		377639AB1EA1210B00BCFE5A /* Radar4Apr2017 */ = {
			isa = PBXGroup;
			children = (
				377639AC1EA1210B00BCFE5A /* AppDelegate.swift */,
				377639AE1EA1210B00BCFE5A /* ViewController.swift */,
				377639B01EA1210B00BCFE5A /* Main.storyboard */,
				377639B31EA1210B00BCFE5A /* Assets.xcassets */,
				377639B51EA1210B00BCFE5A /* LaunchScreen.storyboard */,
				377639B81EA1210B00BCFE5A /* Info.plist */,
			);
			path = Radar4Apr2017;
			sourceTree = "<group>";
		};
/* End PBXGroup section */

/* Begin PBXNativeTarget section */
		377639A81EA1210B00BCFE5A /* Radar4Apr2017 */ = {
			isa = PBXNativeTarget;
			buildConfigurationList = 377639BB1EA1210B00BCFE5A /* Build configuration list for PBXNativeTarget "Radar4Apr2017" */;
			buildPhases = (
				377639A51EA1210B00BCFE5A /* Sources */,
				377639A61EA1210B00BCFE5A /* Frameworks */,
				377639A71EA1210B00BCFE5A /* Resources */,
			);
			buildRules = (
			);
			dependencies = (
			);
			name = Radar4Apr2017;
			productName = Radar4Apr2017;
			productReference = 377639A91EA1210B00BCFE5A /* Radar4Apr2017.app */;
			productType = "com.apple.product-type.application";
		};
/* End PBXNativeTarget section */

/* Begin PBXProject section */
		377639A11EA1210B00BCFE5A /* Project object */ = {
			isa = PBXProject;
			attributes = {
				LastSwiftUpdateCheck = 0830;
				LastUpgradeCheck = 0830;
				ORGANIZATIONNAME = "Lionheart Software LLC";
				TargetAttributes = {
					377639A81EA1210B00BCFE5A = {
						CreatedOnToolsVersion = 8.3.1;
						DevelopmentTeam = 63553QQ62F;
						ProvisioningStyle = Automatic;
					};
				};
			};
			buildConfigurationList = 377639A41EA1210B00BCFE5A /* Build configuration list for PBXProject "Radar4Apr2017" */;
			compatibilityVersion = "Xcode 3.2";
			developmentRegion = English;
			hasScannedForEncodings = 0;
			knownRegions = (
				en,
				Base,
			);
			mainGroup = 377639A01EA1210B00BCFE5A;
			productRefGroup = 377639AA1EA1210B00BCFE5A /* Products */;
			projectDirPath = "";
			projectRoot = "";
			targets = (
				377639A81EA1210B00BCFE5A /* Radar4Apr2017 */,
			);
		};
/* End PBXProject section */

/* Begin PBXResourcesBuildPhase section */
		377639A71EA1210B00BCFE5A /* Resources */ = {
			isa = PBXResourcesBuildPhase;
			buildActionMask = 2147483647;
			files = (
				377639B71EA1210B00BCFE5A /* LaunchScreen.storyboard in Resources */,
				377639B41EA1210B00BCFE5A /* Assets.xcassets in Resources */,
				377639B21EA1210B00BCFE5A /* Main.storyboard in Resources */,
			);
			runOnlyForDeploymentPostprocessing = 0;
		};
/* End PBXResourcesBuildPhase section */

/* Begin PBXSourcesBuildPhase section */
		377639A51EA1210B00BCFE5A /* Sources */ = {
			isa = PBXSourcesBuildPhase;
			buildActionMask = 2147483647;
			files = (
				377639AF1EA1210B00BCFE5A /* ViewController.swift in Sources */,
				377639AD1EA1210B00BCFE5A /* AppDelegate.swift in Sources */,
			);
			runOnlyForDeploymentPostprocessing = 0;
		};
/* End PBXSourcesBuildPhase section */

/* Begin PBXVariantGroup section */
		377639B01EA1210B00BCFE5A /* Main.storyboard */ = {
			isa = PBXVariantGroup;
			children = (
				377639B11EA1210B00BCFE5A /* Base */,
			);
			name = Main.storyboard;
			sourceTree = "<group>";
		};
		377639B51EA1210B00BCFE5A /* LaunchScreen.storyboard */ = {
			isa = PBXVariantGroup;
			children = (
				377639B61EA1210B00BCFE5A /* Base */,
			);
			name = LaunchScreen.storyboard;
			sourceTree = "<group>";
		};
/* End PBXVariantGroup section */

/* Begin XCBuildConfiguration section */
		377639B91EA1210B00BCFE5A /* Debug */ = {
			isa = XCBuildConfiguration;
			buildSettings = {
				ALWAYS_SEARCH_USER_PATHS = NO;
				CLANG_ANALYZER_NONNULL = YES;
				CLANG_ANALYZER_NUMBER_OBJECT_CONVERSION = YES_AGGRESSIVE;
				CLANG_CXX_LANGUAGE_STANDARD = "gnu++0x";
				CLANG_CXX_LIBRARY = "libc++";
				CLANG_ENABLE_MODULES = YES;
				CLANG_ENABLE_OBJC_ARC = YES;
				CLANG_WARN_BOOL_CONVERSION = YES;
				CLANG_WARN_CONSTANT_CONVERSION = YES;
				CLANG_WARN_DIRECT_OBJC_ISA_USAGE = YES_ERROR;
				CLANG_WARN_DOCUMENTATION_COMMENTS = YES;
				CLANG_WARN_EMPTY_BODY = YES;
				CLANG_WARN_ENUM_CONVERSION = YES;
				CLANG_WARN_INFINITE_RECURSION = YES;
				CLANG_WARN_INT_CONVERSION = YES;
				CLANG_WARN_OBJC_ROOT_CLASS = YES_ERROR;
				CLANG_WARN_SUSPICIOUS_MOVE = YES;
				CLANG_WARN_UNREACHABLE_CODE = YES;
				CLANG_WARN__DUPLICATE_METHOD_MATCH = YES;
				"CODE_SIGN_IDENTITY[sdk=iphoneos*]" = "iPhone Developer";
				COPY_PHASE_STRIP = NO;
				DEBUG_INFORMATION_FORMAT = dwarf;
				ENABLE_STRICT_OBJC_MSGSEND = YES;
				ENABLE_TESTABILITY = YES;
				GCC_C_LANGUAGE_STANDARD = gnu99;
				GCC_DYNAMIC_NO_PIC = NO;
				GCC_NO_COMMON_BLOCKS = YES;
				GCC_OPTIMIZATION_LEVEL = 0;
				GCC_PREPROCESSOR_DEFINITIONS = (
					"DEBUG=1",
					"$(inherited)",
				);
				GCC_WARN_64_TO_32_BIT_CONVERSION = YES;
				GCC_WARN_ABOUT_RETURN_TYPE = YES_ERROR;
				GCC_WARN_UNDECLARED_SELECTOR = YES;
				GCC_WARN_UNINITIALIZED_AUTOS = YES_AGGRESSIVE;
				GCC_WARN_UNUSED_FUNCTION = YES;
				GCC_WARN_UNUSED_VARIABLE = YES;
				IPHONEOS_DEPLOYMENT_TARGET = 10.3;
				MTL_ENABLE_DEBUG_INFO = YES;
				ONLY_ACTIVE_ARCH = YES;
				SDKROOT = iphoneos;
				SWIFT_ACTIVE_COMPILATION_CONDITIONS = DEBUG;
				SWIFT_OPTIMIZATION_LEVEL = "-Onone";
			};
			name = Debug;
		};
		377639BA1EA1210B00BCFE5A /* Release */ = {
			isa = XCBuildConfiguration;
			buildSettings = {
				ALWAYS_SEARCH_USER_PATHS = NO;
				CLANG_ANALYZER_NONNULL = YES;
				CLANG_ANALYZER_NUMBER_OBJECT_CONVERSION = YES_AGGRESSIVE;
				CLANG_CXX_LANGUAGE_STANDARD = "gnu++0x";
				CLANG_CXX_LIBRARY = "libc++";
				CLANG_ENABLE_MODULES = YES;
				CLANG_ENABLE_OBJC_ARC = YES;
				CLANG_WARN_BOOL_CONVERSION = YES;
				CLANG_WARN_CONSTANT_CONVERSION = YES;
				CLANG_WARN_DIRECT_OBJC_ISA_USAGE = YES_ERROR;
				CLANG_WARN_DOCUMENTATION_COMMENTS = YES;
				CLANG_WARN_EMPTY_BODY = YES;
				CLANG_WARN_ENUM_CONVERSION = YES;
				CLANG_WARN_INFINITE_RECURSION = YES;
				CLANG_WARN_INT_CONVERSION = YES;
				CLANG_WARN_OBJC_ROOT_CLASS = YES_ERROR;
				CLANG_WARN_SUSPICIOUS_MOVE = YES;
				CLANG_WARN_UNREACHABLE_CODE = YES;
				CLANG_WARN__DUPLICATE_METHOD_MATCH = YES;
				"CODE_SIGN_IDENTITY[sdk=iphoneos*]" = "iPhone Developer";
				COPY_PHASE_STRIP = NO;
				DEBUG_INFORMATION_FORMAT = "dwarf-with-dsym";
				ENABLE_NS_ASSERTIONS = NO;
				ENABLE_STRICT_OBJC_MSGSEND = YES;
				GCC_C_LANGUAGE_STANDARD = gnu99;
				GCC_NO_COMMON_BLOCKS = YES;
				GCC_WARN_64_TO_32_BIT_CONVERSION = YES;
				GCC_WARN_ABOUT_RETURN_TYPE = YES_ERROR;
				GCC_WARN_UNDECLARED_SELECTOR = YES;
				GCC_WARN_UNINITIALIZED_AUTOS = YES_AGGRESSIVE;
				GCC_WARN_UNUSED_FUNCTION = YES;
				GCC_WARN_UNUSED_VARIABLE = YES;
				IPHONEOS_DEPLOYMENT_TARGET = 10.3;
				MTL_ENABLE_DEBUG_INFO = NO;
				SDKROOT = iphoneos;
				SWIFT_OPTIMIZATION_LEVEL = "-Owholemodule";
				VALIDATE_PRODUCT = YES;
			};
			name = Release;
		};
		377639BC1EA1210B00BCFE5A /* Debug */ = {
			isa = XCBuildConfiguration;
			buildSettings = {
				ASSETCATALOG_COMPILER_APPICON_NAME = AppIcon;
				DEVELOPMENT_TEAM = 63553QQ62F;
				INFOPLIST_FILE = Radar4Apr2017/Info.plist;
				LD_RUNPATH_SEARCH_PATHS = "$(inherited) @executable_path/Frameworks";
				PRODUCT_BUNDLE_IDENTIFIER = com.lionheartsw.Radar4Apr2017;
				PRODUCT_NAME = "$(TARGET_NAME)";
				SWIFT_VERSION = 3.0;
			};
			name = Debug;
		};
		377639BD1EA1210B00BCFE5A /* Release */ = {
			isa = XCBuildConfiguration;
			buildSettings = {
				ASSETCATALOG_COMPILER_APPICON_NAME = AppIcon;
				DEVELOPMENT_TEAM = 63553QQ62F;
				INFOPLIST_FILE = Radar4Apr2017/Info.plist;
				LD_RUNPATH_SEARCH_PATHS = "$(inherited) @executable_path/Frameworks";
				PRODUCT_BUNDLE_IDENTIFIER = com.lionheartsw.Radar4Apr2017;
				PRODUCT_NAME = "$(TARGET_NAME)";
				SWIFT_VERSION = 3.0;
			};
			name = Release;
		};
/* End XCBuildConfiguration section */

/* Begin XCConfigurationList section */
		377639A41EA1210B00BCFE5A /* Build configuration list for PBXProject "Radar4Apr2017" */ = {
			isa = XCConfigurationList;
			buildConfigurations = (
				377639B91EA1210B00BCFE5A /* Debug */,
				377639BA1EA1210B00BCFE5A /* Release */,
			);
			defaultConfigurationIsVisible = 0;
			defaultConfigurationName = Release;
		};
		377639BB1EA1210B00BCFE5A /* Build configuration list for PBXNativeTarget "Radar4Apr2017" */ = {
			isa = XCConfigurationList;
			buildConfigurations = (
				377639BC1EA1210B00BCFE5A /* Debug */,
				377639BD1EA1210B00BCFE5A /* Release */,
			);
			defaultConfigurationIsVisible = 0;
		};
/* End XCConfigurationList section */
	};
	rootObject = 377639A11EA1210B00BCFE5A /* Project object */;
}
